
Microsoft Visual Studio Solution File, Format Version 12.00
# Visual Studio Version 17
VisualStudioVersion = 17.13.35828.75 d17.13
MinimumVisualStudioVersion = 10.0.40219.1
Project("{FAE04EC0-301F-11D3-BF4B-00C04F79EFBC}") = "Api", "Api\Api.csproj", "{C5B36DDC-537F-4207-AF23-431A126A4BA8}"
	ProjectSection(ProjectDependencies) = postProject
		{7D306995-9984-471C-850E-08DE8C0CFF86} = {7D306995-9984-471C-850E-08DE8C0CFF86}
	EndProjectSection
EndProject
Project("{FAE04EC0-301F-11D3-BF4B-00C04F79EFBC}") = "Application", "Application\Application.csproj", "{7D306995-9984-471C-850E-08DE8C0CFF86}"
EndProject
Project("{2150E333-8FDC-42A3-9474-1A3956D46DE8}") = "Solution Items", "Solution Items", "{02EA681E-C7D8-13C7-8484-4AC65E1B71E8}"
	ProjectSection(SolutionItems) = preProject
		.editorconfig = .editorconfig
	EndProjectSection
EndProject
Project("{FAE04EC0-301F-11D3-BF4B-00C04F79EFBC}") = "Infrastructure", "Infrastructure\Infrastructure.csproj", "{0A688FB7-46F1-437A-8398-71654DE1D2BA}"
EndProject
Project("{FAE04EC0-301F-11D3-BF4B-00C04F79EFBC}") = "Domain", "Domain\Domain.csproj", "{95B50F2E-9507-44D1-BC8F-3417040649F2}"
EndProject
Global
	GlobalSection(SolutionConfigurationPlatforms) = preSolution
		Debug|Any CPU = Debug|Any CPU
		Release|Any CPU = Release|Any CPU
	EndGlobalSection
	GlobalSection(ProjectConfigurationPlatforms) = postSolution
		{C5B36DDC-537F-4207-AF23-431A126A4BA8}.Debug|Any CPU.ActiveCfg = Debug|Any CPU
		{C5B36DDC-537F-4207-AF23-431A126A4BA8}.Debug|Any CPU.Build.0 = Debug|Any CPU
		{C5B36DDC-537F-4207-AF23-431A126A4BA8}.Release|Any CPU.ActiveCfg = Release|Any CPU
		{C5B36DDC-537F-4207-AF23-431A126A4BA8}.Release|Any CPU.Build.0 = Release|Any CPU
		{7D306995-9984-471C-850E-08DE8C0CFF86}.Debug|Any CPU.ActiveCfg = Debug|Any CPU
		{7D306995-9984-471C-850E-08DE8C0CFF86}.Debug|Any CPU.Build.0 = Debug|Any CPU
		{7D306995-9984-471C-850E-08DE8C0CFF86}.Release|Any CPU.ActiveCfg = Release|Any CPU
		{7D306995-9984-471C-850E-08DE8C0CFF86}.Release|Any CPU.Build.0 = Release|Any CPU
		{0A688FB7-46F1-437A-8398-71654DE1D2BA}.Debug|Any CPU.ActiveCfg = Debug|Any CPU
		{0A688FB7-46F1-437A-8398-71654DE1D2BA}.Debug|Any CPU.Build.0 = Debug|Any CPU
		{0A688FB7-46F1-437A-8398-71654DE1D2BA}.Release|Any CPU.ActiveCfg = Release|Any CPU
		{0A688FB7-46F1-437A-8398-71654DE1D2BA}.Release|Any CPU.Build.0 = Release|Any CPU
		{95B50F2E-9507-44D1-BC8F-3417040649F2}.Debug|Any CPU.ActiveCfg = Debug|Any CPU
		{95B50F2E-9507-44D1-BC8F-3417040649F2}.Debug|Any CPU.Build.0 = Debug|Any CPU
		{95B50F2E-9507-44D1-BC8F-3417040649F2}.Release|Any CPU.ActiveCfg = Release|Any CPU
		{95B50F2E-9507-44D1-BC8F-3417040649F2}.Release|Any CPU.Build.0 = Release|Any CPU
	EndGlobalSection
	GlobalSection(SolutionProperties) = preSolution
		HideSolutionNode = FALSE
	EndGlobalSection
	GlobalSection(ExtensibilityGlobals) = postSolution
		SolutionGuid = {AEFD088C-C03A-4D42-B573-1BCAB3E78F56}
	EndGlobalSection
EndGlobal
